
Microsoft Visual Studio Solution File, Format Version 12.00
# Visual Studio 15
VisualStudioVersion = 15.0.28307.136
MinimumVisualStudioVersion = 10.0.40219.1
Project("{FAE04EC0-301F-11D3-BF4B-00C04F79EFBC}") = "Inventario", "Inventario\Inventario.csproj", "{70BECC75-EEFA-4449-87F6-CAD1F907DCF6}"
EndProject
Project("{FAE04EC0-301F-11D3-BF4B-00C04F79EFBC}") = "Inventario.Tests", "Inventario.Tests\Inventario.Tests.csproj", "{3836A71F-DACA-404E-8059-AD0EDD5DC95B}"
EndProject
Global
	GlobalSection(SolutionConfigurationPlatforms) = preSolution
		Debug|Any CPU = Debug|Any CPU
		Release|Any CPU = Release|Any CPU
	EndGlobalSection
	GlobalSection(ProjectConfigurationPlatforms) = postSolution
		{70BECC75-EEFA-4449-87F6-CAD1F907DCF6}.Debug|Any CPU.ActiveCfg = Debug|Any CPU
		{70BECC75-EEFA-4449-87F6-CAD1F907DCF6}.Debug|Any CPU.Build.0 = Debug|Any CPU
		{70BECC75-EEFA-4449-87F6-CAD1F907DCF6}.Release|Any CPU.ActiveCfg = Release|Any CPU
		{70BECC75-EEFA-4449-87F6-CAD1F907DCF6}.Release|Any CPU.Build.0 = Release|Any CPU
		{3836A71F-DACA-404E-8059-AD0EDD5DC95B}.Debug|Any CPU.ActiveCfg = Debug|Any CPU
		{3836A71F-DACA-404E-8059-AD0EDD5DC95B}.Debug|Any CPU.Build.0 = Debug|Any CPU
		{3836A71F-DACA-404E-8059-AD0EDD5DC95B}.Release|Any CPU.ActiveCfg = Release|Any CPU
		{3836A71F-DACA-404E-8059-AD0EDD5DC95B}.Release|Any CPU.Build.0 = Release|Any CPU
	EndGlobalSection
	GlobalSection(SolutionProperties) = preSolution
		HideSolutionNode = FALSE
	EndGlobalSection
	GlobalSection(ExtensibilityGlobals) = postSolution
		SolutionGuid = {3D35EA5A-95B9-41D3-97AA-8203210DDF37}
	EndGlobalSection
EndGlobal
